schema: '2.0'
stages:
  clean:
    cmd: python scripts/datacleaning.py
    deps:
    - path: data/valeursfoncieres-2025-s1.txt.zip
      hash: md5
      md5: bbfe5cac227d6618ff7adbe9d65334ac
      size: 26392883
    - path: scripts/datacleaning.py
      hash: md5
      md5: 3e7df4dbb1f215e71a121a7c02a80a3a
      size: 1582
    outs:
    - path: data/clean/dvf.csv
      hash: md5
      md5: 8047a527d0e08d9c0e46c30a8daeab10
      size: 50112871
