schema: '2.0'
stages:
  clean:
    cmd: python -m scripts.datacleaning
    deps:
    - path: data/valeursfoncieres-2025-s1.txt.zip
      hash: md5
      md5: bbfe5cac227d6618ff7adbe9d65334ac
      size: 26392883
    - path: scripts/datacleaning.py
      hash: md5
      md5: 30dbc98f6df345c68c199b824a43218d
      size: 1585
    outs:
    - path: data/clean/dvf.csv
      hash: md5
      md5: 587f3b286a4eb8e2034e0c516574ac2c
      size: 50144294
